
Microsoft Visual Studio Solution File, Format Version 12.00
# Visual Studio 15
VisualStudioVersion = 15.0.27004.2005
MinimumVisualStudioVersion = 10.0.40219.1
Project("{2150E333-8FDC-42A3-9474-1A3956D46DE8}") = "scr", "scr", "{91373B3B-2A45-493B-96AE-5CEF99735F09}"
EndProject
Project("{9A19103F-16F7-4668-BE54-9A1E7A4F7556}") = "Web.API", "scr\Web.API\Web.API.csproj", "{8341B59C-7337-4725-B084-08B50DEBFDB6}"
EndProject
Project("{9A19103F-16F7-4668-BE54-9A1E7A4F7556}") = "Services", "scr\Services\Services.csproj", "{56880387-93CA-44AC-B5D2-7D2EDA64D0E8}"
EndProject
Project("{9A19103F-16F7-4668-BE54-9A1E7A4F7556}") = "Core", "scr\Core\Core.csproj", "{ABC812B8-CBEA-4629-8FA5-A2EA6E662DEE}"
EndProject
Project("{FAE04EC0-301F-11D3-BF4B-00C04F79EFBC}") = "Web", "scr\Web\Web.csproj", "{C273CBBA-D402-48B8-BABA-3CD259C7F2C8}"
	ProjectSection(ProjectDependencies) = postProject
		{56880387-93CA-44AC-B5D2-7D2EDA64D0E8} = {56880387-93CA-44AC-B5D2-7D2EDA64D0E8}
		{ABC812B8-CBEA-4629-8FA5-A2EA6E662DEE} = {ABC812B8-CBEA-4629-8FA5-A2EA6E662DEE}
	EndProjectSection
EndProject
Global
	GlobalSection(SolutionConfigurationPlatforms) = preSolution
		Debug|Any CPU = Debug|Any CPU
		Release|Any CPU = Release|Any CPU
	EndGlobalSection
	GlobalSection(ProjectConfigurationPlatforms) = postSolution
		{8341B59C-7337-4725-B084-08B50DEBFDB6}.Debug|Any CPU.ActiveCfg = Debug|Any CPU
		{8341B59C-7337-4725-B084-08B50DEBFDB6}.Debug|Any CPU.Build.0 = Debug|Any CPU
		{8341B59C-7337-4725-B084-08B50DEBFDB6}.Release|Any CPU.ActiveCfg = Release|Any CPU
		{8341B59C-7337-4725-B084-08B50DEBFDB6}.Release|Any CPU.Build.0 = Release|Any CPU
		{56880387-93CA-44AC-B5D2-7D2EDA64D0E8}.Debug|Any CPU.ActiveCfg = Debug|Any CPU
		{56880387-93CA-44AC-B5D2-7D2EDA64D0E8}.Debug|Any CPU.Build.0 = Debug|Any CPU
		{56880387-93CA-44AC-B5D2-7D2EDA64D0E8}.Release|Any CPU.ActiveCfg = Release|Any CPU
		{56880387-93CA-44AC-B5D2-7D2EDA64D0E8}.Release|Any CPU.Build.0 = Release|Any CPU
		{ABC812B8-CBEA-4629-8FA5-A2EA6E662DEE}.Debug|Any CPU.ActiveCfg = Debug|Any CPU
		{ABC812B8-CBEA-4629-8FA5-A2EA6E662DEE}.Debug|Any CPU.Build.0 = Debug|Any CPU
		{ABC812B8-CBEA-4629-8FA5-A2EA6E662DEE}.Release|Any CPU.ActiveCfg = Release|Any CPU
		{ABC812B8-CBEA-4629-8FA5-A2EA6E662DEE}.Release|Any CPU.Build.0 = Release|Any CPU
		{C273CBBA-D402-48B8-BABA-3CD259C7F2C8}.Debug|Any CPU.ActiveCfg = Debug|Any CPU
		{C273CBBA-D402-48B8-BABA-3CD259C7F2C8}.Debug|Any CPU.Build.0 = Debug|Any CPU
		{C273CBBA-D402-48B8-BABA-3CD259C7F2C8}.Release|Any CPU.ActiveCfg = Release|Any CPU
		{C273CBBA-D402-48B8-BABA-3CD259C7F2C8}.Release|Any CPU.Build.0 = Release|Any CPU
	EndGlobalSection
	GlobalSection(SolutionProperties) = preSolution
		HideSolutionNode = FALSE
	EndGlobalSection
	GlobalSection(NestedProjects) = preSolution
		{8341B59C-7337-4725-B084-08B50DEBFDB6} = {91373B3B-2A45-493B-96AE-5CEF99735F09}
		{56880387-93CA-44AC-B5D2-7D2EDA64D0E8} = {91373B3B-2A45-493B-96AE-5CEF99735F09}
		{ABC812B8-CBEA-4629-8FA5-A2EA6E662DEE} = {91373B3B-2A45-493B-96AE-5CEF99735F09}
		{C273CBBA-D402-48B8-BABA-3CD259C7F2C8} = {91373B3B-2A45-493B-96AE-5CEF99735F09}
	EndGlobalSection
	GlobalSection(ExtensibilityGlobals) = postSolution
		SolutionGuid = {97BBE8C9-410D-4EC6-A637-37CE91DB7235}
	EndGlobalSection
EndGlobal
